
Microsoft Visual Studio Solution File, Format Version 12.00
# Visual Studio Version 17
VisualStudioVersion = 17.5.33424.131
MinimumVisualStudioVersion = 10.0.40219.1
Project("{2150E333-8FDC-42A3-9474-1A3956D46DE8}") = "Solution Items", "Solution Items", "{9050D708-87A5-45AE-8E64-93D2026644FC}"
	ProjectSection(SolutionItems) = preProject
		Directory.Build.props = Directory.Build.props
		Directory.Build.targets = Directory.Build.targets
		NuGet.Config = NuGet.Config
		RuleSet.ruleset = RuleSet.ruleset
	EndProjectSection
EndProject
Project("{9A19103F-16F7-4668-BE54-9A1E7A4F7556}") = "Sunrise", "Sunrise\Sunrise.csproj", "{3A7171F7-8278-48BA-830E-B86984E48BA0}"
EndProject
Project("{9A19103F-16F7-4668-BE54-9A1E7A4F7556}") = "Sunrise.Android", "Sunrise.Android\Sunrise.Android.csproj", "{73B88811-00E8-4943-858A-ABC1F9726BDA}"
EndProject
Project("{9A19103F-16F7-4668-BE54-9A1E7A4F7556}") = "Sunrise.Desktop", "Sunrise.Desktop\Sunrise.Desktop.csproj", "{EA853C41-D6EB-4AA2-8BE8-CDE8B4E9524E}"
EndProject
Project("{9A19103F-16F7-4668-BE54-9A1E7A4F7556}") = "Sunrise.Model", "Sunrise.Model\Sunrise.Model.csproj", "{D1EF9267-B83D-4A54-BFC8-D3624EB7CEB9}"
EndProject
Global
	GlobalSection(SolutionConfigurationPlatforms) = preSolution
		Debug|Any CPU = Debug|Any CPU
		Release|Any CPU = Release|Any CPU
	EndGlobalSection
	GlobalSection(ProjectConfigurationPlatforms) = postSolution
		{3A7171F7-8278-48BA-830E-B86984E48BA0}.Debug|Any CPU.ActiveCfg = Debug|Any CPU
		{3A7171F7-8278-48BA-830E-B86984E48BA0}.Debug|Any CPU.Build.0 = Debug|Any CPU
		{3A7171F7-8278-48BA-830E-B86984E48BA0}.Release|Any CPU.ActiveCfg = Release|Any CPU
		{3A7171F7-8278-48BA-830E-B86984E48BA0}.Release|Any CPU.Build.0 = Release|Any CPU
		{73B88811-00E8-4943-858A-ABC1F9726BDA}.Debug|Any CPU.ActiveCfg = Debug|Any CPU
		{73B88811-00E8-4943-858A-ABC1F9726BDA}.Debug|Any CPU.Build.0 = Debug|Any CPU
		{73B88811-00E8-4943-858A-ABC1F9726BDA}.Release|Any CPU.ActiveCfg = Release|Any CPU
		{73B88811-00E8-4943-858A-ABC1F9726BDA}.Release|Any CPU.Build.0 = Release|Any CPU
		{EA853C41-D6EB-4AA2-8BE8-CDE8B4E9524E}.Debug|Any CPU.ActiveCfg = Debug|Any CPU
		{EA853C41-D6EB-4AA2-8BE8-CDE8B4E9524E}.Debug|Any CPU.Build.0 = Debug|Any CPU
		{EA853C41-D6EB-4AA2-8BE8-CDE8B4E9524E}.Release|Any CPU.ActiveCfg = Release|Any CPU
		{EA853C41-D6EB-4AA2-8BE8-CDE8B4E9524E}.Release|Any CPU.Build.0 = Release|Any CPU
		{D1EF9267-B83D-4A54-BFC8-D3624EB7CEB9}.Debug|Any CPU.ActiveCfg = Debug|Any CPU
		{D1EF9267-B83D-4A54-BFC8-D3624EB7CEB9}.Debug|Any CPU.Build.0 = Debug|Any CPU
		{D1EF9267-B83D-4A54-BFC8-D3624EB7CEB9}.Release|Any CPU.ActiveCfg = Release|Any CPU
		{D1EF9267-B83D-4A54-BFC8-D3624EB7CEB9}.Release|Any CPU.Build.0 = Release|Any CPU
	EndGlobalSection
	GlobalSection(SolutionProperties) = preSolution
		HideSolutionNode = FALSE
	EndGlobalSection
	GlobalSection(ExtensibilityGlobals) = postSolution
		SolutionGuid = {A1E0D090-5015-45AE-8778-0FCC6AB60F65}
	EndGlobalSection
EndGlobal
